{
    "hash": "ff1e25058c8b6f82c2ed1a7b49830c5f",
    "packages": [
        {
            "name": "symfony/routing",
            "version": "v2.1.2",
            "target-dir": "Symfony/Component/Routing",
            "source": {
                "type": "git",
                "url": "https://github.com/symfony/Routing",
                "reference": "v2.1.2"
            },
            "dist": {
                "type": "zip",
                "url": "https://github.com/symfony/Routing/zipball/v2.1.2",
                "reference": "v2.1.2",
                "shasum": ""
            },
            "require": {
                "php": ">=5.3.3"
            },
            "require-dev": {
                "symfony/config": "2.1.*",
                "symfony/yaml": "2.1.*",
                "symfony/http-kernel": "2.1.*",
                "doctrine/common": ">=2.2,<2.4-dev"
            },
            "suggest": {
                "symfony/config": "2.1.*",
                "symfony/yaml": "2.1.*",
                "doctrine/common": ">=2.2,<2.4-dev"
            },
            "time": "2012-09-10 10:53:42",
            "type": "library",
            "extra": {
                "branch-alias": {
                    "dev-master": "2.1-dev"
                }
            },
            "installation-source": "dist",
            "autoload": {
                "psr-0": {
                    "Symfony\\Component\\Routing": ""
                }
            },
            "license": [
                "MIT"
            ],
            "authors": [
                {
                    "name": "Fabien Potencier",
                    "email": "fabien@symfony.com"
                },
                {
                    "name": "Symfony Community",
                    "homepage": "http://symfony.com/contributors"
                }
            ],
            "description": "Symfony Routing Component",
            "homepage": "http://symfony.com"
        },
        {
            "name": "twig/twig",
            "version": "v1.9.2",
            "source": {
                "type": "git",
                "url": "git://github.com/fabpot/Twig.git",
                "reference": "v1.9.2"
            },
            "dist": {
                "type": "zip",
                "url": "https://github.com/fabpot/Twig/zipball/v1.9.2",
                "reference": "v1.9.2",
                "shasum": ""
            },
            "require": {
                "php": ">=5.2.4"
            },
            "type": "library",
            "extra": {
                "branch-alias": {
                    "dev-master": "1.9-dev"
                }
            },
            "installation-source": "dist",
            "autoload": {
                "psr-0": {
                    "Twig_": "lib/"
                }
            }
        }
    ],
    "packages-dev": null,
    "aliases": [

    ],
    "minimum-stability": "stable",
    "stability-flags": [

    ]
}
